
Microsoft Visual Studio Solution File, Format Version 12.00
# Visual Studio 15
VisualStudioVersion = 15.0.27130.2024
MinimumVisualStudioVersion = 10.0.40219.1
Project("{FAE04EC0-301F-11D3-BF4B-00C04F79EFBC}") = "DSConcepts", "DSConcepts\DSConcepts.csproj", "{695F1FB6-EC93-4782-AF14-D8522353211B}"
EndProject
Project("{FAE04EC0-301F-11D3-BF4B-00C04F79EFBC}") = "WordBreak", "WordBreak\WordBreak.csproj", "{1359022D-88DC-4C79-9C59-DA610ABCC386}"
EndProject
Project("{FAE04EC0-301F-11D3-BF4B-00C04F79EFBC}") = "MiscApp", "MiscApp\MiscApp.csproj", "{7EFB09F3-FB12-40CD-BB6A-873A7BB69278}"
EndProject
Project("{FAE04EC0-301F-11D3-BF4B-00C04F79EFBC}") = "CycleInGraph", "CycleInGraph\CycleInGraph.csproj", "{9BD4CFED-CDF2-4B28-ABCF-06F3E345C8F6}"
EndProject
Project("{FAE04EC0-301F-11D3-BF4B-00C04F79EFBC}") = "TreeProblems", "TreeProblems\TreeProblems.csproj", "{EDF0FF43-45E5-4D7B-9150-5EB61D27B280}"
EndProject
Project("{FAE04EC0-301F-11D3-BF4B-00C04F79EFBC}") = "LoadDependencies", "LoadDependencies\LoadDependencies.csproj", "{40FE9312-02AA-40F5-B3B0-FF5CC2A5342D}"
EndProject
Project("{FAE04EC0-301F-11D3-BF4B-00C04F79EFBC}") = "MatrixPath", "MatrixPath\MatrixPath.csproj", "{FE987F6A-347D-43EE-8E98-BD8B2EF1EA5F}"
EndProject
Project("{FAE04EC0-301F-11D3-BF4B-00C04F79EFBC}") = "Furniture", "Furniture\Furniture.csproj", "{C2E7E3DD-0577-4FB4-86FF-CB53834DAD90}"
EndProject
Project("{FAE04EC0-301F-11D3-BF4B-00C04F79EFBC}") = "LRUCache", "LRUCache\LRUCache.csproj", "{2C8FA2D1-E4A4-4683-8782-A18CE1F6EB64}"
EndProject
Project("{FAE04EC0-301F-11D3-BF4B-00C04F79EFBC}") = "GraphConcepts", "GraphConcepts\GraphConcepts.csproj", "{AAB5D9E3-4CA5-4530-977A-A48BE2BEF5EA}"
EndProject
Project("{FAE04EC0-301F-11D3-BF4B-00C04F79EFBC}") = "AddNumbersList", "AddNumbersList\AddNumbersList.csproj", "{2F57BA5C-7CFB-43A0-A171-CD0EAC802493}"
EndProject
Project("{FAE04EC0-301F-11D3-BF4B-00C04F79EFBC}") = "MedianOfTwoSortedArrays", "MedianOfTwoSortedArrays\MedianOfTwoSortedArrays.csproj", "{C3655629-545C-40AF-B2AB-7DF9388255FD}"
EndProject
Project("{FAE04EC0-301F-11D3-BF4B-00C04F79EFBC}") = "Permutations", "Permutations\Permutations.csproj", "{98DA6E24-EEEA-4CA3-9733-FEC94C3FB30B}"
EndProject
Project("{FAE04EC0-301F-11D3-BF4B-00C04F79EFBC}") = "NQueens", "NQueens\NQueens.csproj", "{E578B3E2-DAD5-48FC-BC84-CE28A05A9771}"
EndProject
Project("{FAE04EC0-301F-11D3-BF4B-00C04F79EFBC}") = "BipartiteGraphProblem", "BipartiteGraphProblem\BipartiteGraphProblem.csproj", "{CEF2B8A9-A649-4245-BF8C-93EFE4500D94}"
EndProject
Project("{FAE04EC0-301F-11D3-BF4B-00C04F79EFBC}") = "MathExpressions", "MathExpressions\MathExpressions.csproj", "{D51C6813-D6CD-489A-9348-7B414DEA4AE4}"
EndProject
Global
	GlobalSection(SolutionConfigurationPlatforms) = preSolution
		Debug|Any CPU = Debug|Any CPU
		Release|Any CPU = Release|Any CPU
	EndGlobalSection
	GlobalSection(ProjectConfigurationPlatforms) = postSolution
		{695F1FB6-EC93-4782-AF14-D8522353211B}.Debug|Any CPU.ActiveCfg = Debug|Any CPU
		{695F1FB6-EC93-4782-AF14-D8522353211B}.Debug|Any CPU.Build.0 = Debug|Any CPU
		{695F1FB6-EC93-4782-AF14-D8522353211B}.Release|Any CPU.ActiveCfg = Release|Any CPU
		{695F1FB6-EC93-4782-AF14-D8522353211B}.Release|Any CPU.Build.0 = Release|Any CPU
		{1359022D-88DC-4C79-9C59-DA610ABCC386}.Debug|Any CPU.ActiveCfg = Debug|Any CPU
		{1359022D-88DC-4C79-9C59-DA610ABCC386}.Debug|Any CPU.Build.0 = Debug|Any CPU
		{1359022D-88DC-4C79-9C59-DA610ABCC386}.Release|Any CPU.ActiveCfg = Release|Any CPU
		{1359022D-88DC-4C79-9C59-DA610ABCC386}.Release|Any CPU.Build.0 = Release|Any CPU
		{7EFB09F3-FB12-40CD-BB6A-873A7BB69278}.Debug|Any CPU.ActiveCfg = Debug|Any CPU
		{7EFB09F3-FB12-40CD-BB6A-873A7BB69278}.Debug|Any CPU.Build.0 = Debug|Any CPU
		{7EFB09F3-FB12-40CD-BB6A-873A7BB69278}.Release|Any CPU.ActiveCfg = Release|Any CPU
		{7EFB09F3-FB12-40CD-BB6A-873A7BB69278}.Release|Any CPU.Build.0 = Release|Any CPU
		{9BD4CFED-CDF2-4B28-ABCF-06F3E345C8F6}.Debug|Any CPU.ActiveCfg = Debug|Any CPU
		{9BD4CFED-CDF2-4B28-ABCF-06F3E345C8F6}.Debug|Any CPU.Build.0 = Debug|Any CPU
		{9BD4CFED-CDF2-4B28-ABCF-06F3E345C8F6}.Release|Any CPU.ActiveCfg = Release|Any CPU
		{9BD4CFED-CDF2-4B28-ABCF-06F3E345C8F6}.Release|Any CPU.Build.0 = Release|Any CPU
		{EDF0FF43-45E5-4D7B-9150-5EB61D27B280}.Debug|Any CPU.ActiveCfg = Debug|Any CPU
		{EDF0FF43-45E5-4D7B-9150-5EB61D27B280}.Debug|Any CPU.Build.0 = Debug|Any CPU
		{EDF0FF43-45E5-4D7B-9150-5EB61D27B280}.Release|Any CPU.ActiveCfg = Release|Any CPU
		{EDF0FF43-45E5-4D7B-9150-5EB61D27B280}.Release|Any CPU.Build.0 = Release|Any CPU
		{40FE9312-02AA-40F5-B3B0-FF5CC2A5342D}.Debug|Any CPU.ActiveCfg = Debug|Any CPU
		{40FE9312-02AA-40F5-B3B0-FF5CC2A5342D}.Debug|Any CPU.Build.0 = Debug|Any CPU
		{40FE9312-02AA-40F5-B3B0-FF5CC2A5342D}.Release|Any CPU.ActiveCfg = Release|Any CPU
		{40FE9312-02AA-40F5-B3B0-FF5CC2A5342D}.Release|Any CPU.Build.0 = Release|Any CPU
		{FE987F6A-347D-43EE-8E98-BD8B2EF1EA5F}.Debug|Any CPU.ActiveCfg = Debug|Any CPU
		{FE987F6A-347D-43EE-8E98-BD8B2EF1EA5F}.Debug|Any CPU.Build.0 = Debug|Any CPU
		{FE987F6A-347D-43EE-8E98-BD8B2EF1EA5F}.Release|Any CPU.ActiveCfg = Release|Any CPU
		{FE987F6A-347D-43EE-8E98-BD8B2EF1EA5F}.Release|Any CPU.Build.0 = Release|Any CPU
		{C2E7E3DD-0577-4FB4-86FF-CB53834DAD90}.Debug|Any CPU.ActiveCfg = Debug|Any CPU
		{C2E7E3DD-0577-4FB4-86FF-CB53834DAD90}.Debug|Any CPU.Build.0 = Debug|Any CPU
		{C2E7E3DD-0577-4FB4-86FF-CB53834DAD90}.Release|Any CPU.ActiveCfg = Release|Any CPU
		{C2E7E3DD-0577-4FB4-86FF-CB53834DAD90}.Release|Any CPU.Build.0 = Release|Any CPU
		{2C8FA2D1-E4A4-4683-8782-A18CE1F6EB64}.Debug|Any CPU.ActiveCfg = Debug|Any CPU
		{2C8FA2D1-E4A4-4683-8782-A18CE1F6EB64}.Debug|Any CPU.Build.0 = Debug|Any CPU
		{2C8FA2D1-E4A4-4683-8782-A18CE1F6EB64}.Release|Any CPU.ActiveCfg = Release|Any CPU
		{2C8FA2D1-E4A4-4683-8782-A18CE1F6EB64}.Release|Any CPU.Build.0 = Release|Any CPU
		{AAB5D9E3-4CA5-4530-977A-A48BE2BEF5EA}.Debug|Any CPU.ActiveCfg = Debug|Any CPU
		{AAB5D9E3-4CA5-4530-977A-A48BE2BEF5EA}.Debug|Any CPU.Build.0 = Debug|Any CPU
		{AAB5D9E3-4CA5-4530-977A-A48BE2BEF5EA}.Release|Any CPU.ActiveCfg = Release|Any CPU
		{AAB5D9E3-4CA5-4530-977A-A48BE2BEF5EA}.Release|Any CPU.Build.0 = Release|Any CPU
		{2F57BA5C-7CFB-43A0-A171-CD0EAC802493}.Debug|Any CPU.ActiveCfg = Debug|Any CPU
		{2F57BA5C-7CFB-43A0-A171-CD0EAC802493}.Debug|Any CPU.Build.0 = Debug|Any CPU
		{2F57BA5C-7CFB-43A0-A171-CD0EAC802493}.Release|Any CPU.ActiveCfg = Release|Any CPU
		{2F57BA5C-7CFB-43A0-A171-CD0EAC802493}.Release|Any CPU.Build.0 = Release|Any CPU
		{C3655629-545C-40AF-B2AB-7DF9388255FD}.Debug|Any CPU.ActiveCfg = Debug|Any CPU
		{C3655629-545C-40AF-B2AB-7DF9388255FD}.Debug|Any CPU.Build.0 = Debug|Any CPU
		{C3655629-545C-40AF-B2AB-7DF9388255FD}.Release|Any CPU.ActiveCfg = Release|Any CPU
		{C3655629-545C-40AF-B2AB-7DF9388255FD}.Release|Any CPU.Build.0 = Release|Any CPU
		{98DA6E24-EEEA-4CA3-9733-FEC94C3FB30B}.Debug|Any CPU.ActiveCfg = Debug|Any CPU
		{98DA6E24-EEEA-4CA3-9733-FEC94C3FB30B}.Debug|Any CPU.Build.0 = Debug|Any CPU
		{98DA6E24-EEEA-4CA3-9733-FEC94C3FB30B}.Release|Any CPU.ActiveCfg = Release|Any CPU
		{98DA6E24-EEEA-4CA3-9733-FEC94C3FB30B}.Release|Any CPU.Build.0 = Release|Any CPU
		{E578B3E2-DAD5-48FC-BC84-CE28A05A9771}.Debug|Any CPU.ActiveCfg = Debug|Any CPU
		{E578B3E2-DAD5-48FC-BC84-CE28A05A9771}.Debug|Any CPU.Build.0 = Debug|Any CPU
		{E578B3E2-DAD5-48FC-BC84-CE28A05A9771}.Release|Any CPU.ActiveCfg = Release|Any CPU
		{E578B3E2-DAD5-48FC-BC84-CE28A05A9771}.Release|Any CPU.Build.0 = Release|Any CPU
		{CEF2B8A9-A649-4245-BF8C-93EFE4500D94}.Debug|Any CPU.ActiveCfg = Debug|Any CPU
		{CEF2B8A9-A649-4245-BF8C-93EFE4500D94}.Debug|Any CPU.Build.0 = Debug|Any CPU
		{CEF2B8A9-A649-4245-BF8C-93EFE4500D94}.Release|Any CPU.ActiveCfg = Release|Any CPU
		{CEF2B8A9-A649-4245-BF8C-93EFE4500D94}.Release|Any CPU.Build.0 = Release|Any CPU
		{D51C6813-D6CD-489A-9348-7B414DEA4AE4}.Debug|Any CPU.ActiveCfg = Debug|Any CPU
		{D51C6813-D6CD-489A-9348-7B414DEA4AE4}.Debug|Any CPU.Build.0 = Debug|Any CPU
		{D51C6813-D6CD-489A-9348-7B414DEA4AE4}.Release|Any CPU.ActiveCfg = Release|Any CPU
		{D51C6813-D6CD-489A-9348-7B414DEA4AE4}.Release|Any CPU.Build.0 = Release|Any CPU
	EndGlobalSection
	GlobalSection(SolutionProperties) = preSolution
		HideSolutionNode = FALSE
	EndGlobalSection
	GlobalSection(ExtensibilityGlobals) = postSolution
		SolutionGuid = {9145F0B8-F8EE-4CF8-91CF-CB50D4F65926}
	EndGlobalSection
EndGlobal
